
Microsoft Visual Studio Solution File, Format Version 12.00
# Visual Studio Version 18
VisualStudioVersion = 18.4.11626.88
MinimumVisualStudioVersion = 10.0.40219.1
Project("{9A19103F-16F7-4668-BE54-9A1E7A4F7556}") = "screen-file-receiver", "screen-file-receiver\screen-file-receiver.csproj", "{86E764F9-75E8-47BF-B57D-425217CBD87A}"
EndProject
Project("{9A19103F-16F7-4668-BE54-9A1E7A4F7556}") = "screen-file-sender", "screen-file-sender\screen-file-sender.csproj", "{6B549F01-737B-4FAD-A36D-967227856BDC}"
EndProject
Project("{2150E333-8FDC-42A3-9474-1A3956D46DE8}") = "解决方案项", "解决方案项", "{9FA3D6BD-1EC1-3BA5-80CB-CE02773A58D5}"
	ProjectSection(SolutionItems) = preProject
		data\sample.txt = data\sample.txt
	EndProjectSection
EndProject
Project("{FAE04EC0-301F-11D3-BF4B-00C04F79EFBC}") = "codec-test", "codec-test\codec-test.csproj", "{43FEC3F6-E4FB-9E6A-82D1-342AC93693A6}"
EndProject
Global
	GlobalSection(SolutionConfigurationPlatforms) = preSolution
		Debug|Any CPU = Debug|Any CPU
		Release|Any CPU = Release|Any CPU
	EndGlobalSection
	GlobalSection(ProjectConfigurationPlatforms) = postSolution
		{86E764F9-75E8-47BF-B57D-425217CBD87A}.Debug|Any CPU.ActiveCfg = Debug|x64
		{86E764F9-75E8-47BF-B57D-425217CBD87A}.Debug|Any CPU.Build.0 = Debug|x64
		{86E764F9-75E8-47BF-B57D-425217CBD87A}.Release|Any CPU.ActiveCfg = Release|Any CPU
		{86E764F9-75E8-47BF-B57D-425217CBD87A}.Release|Any CPU.Build.0 = Release|Any CPU
		{6B549F01-737B-4FAD-A36D-967227856BDC}.Debug|Any CPU.ActiveCfg = Debug|Any CPU
		{6B549F01-737B-4FAD-A36D-967227856BDC}.Debug|Any CPU.Build.0 = Debug|Any CPU
		{6B549F01-737B-4FAD-A36D-967227856BDC}.Release|Any CPU.ActiveCfg = Release|Any CPU
		{6B549F01-737B-4FAD-A36D-967227856BDC}.Release|Any CPU.Build.0 = Release|Any CPU
		{43FEC3F6-E4FB-9E6A-82D1-342AC93693A6}.Debug|Any CPU.ActiveCfg = Debug|Any CPU
		{43FEC3F6-E4FB-9E6A-82D1-342AC93693A6}.Debug|Any CPU.Build.0 = Debug|Any CPU
		{43FEC3F6-E4FB-9E6A-82D1-342AC93693A6}.Release|Any CPU.ActiveCfg = Release|Any CPU
		{43FEC3F6-E4FB-9E6A-82D1-342AC93693A6}.Release|Any CPU.Build.0 = Release|Any CPU
	EndGlobalSection
	GlobalSection(SolutionProperties) = preSolution
		HideSolutionNode = FALSE
	EndGlobalSection
	GlobalSection(ExtensibilityGlobals) = postSolution
		SolutionGuid = {C67D09E8-6982-446E-ABED-D67910E03B51}
	EndGlobalSection
EndGlobal
